
Microsoft Visual Studio Solution File, Format Version 12.00
# Visual Studio Version 17
VisualStudioVersion = 17.8.34004.107
MinimumVisualStudioVersion = 10.0.40219.1
Project("{8BC9CEB8-8B4A-11D0-8D11-00A0C91BC942}") = "lab03 (asd)", "lab03 (asd)\lab03 (asd).vcxproj", "{49CCCC3C-9D8E-43E9-BF8C-18E96947AF09}"
EndProject
Global
	GlobalSection(SolutionConfigurationPlatforms) = preSolution
		Debug|x64 = Debug|x64
		Debug|x86 = Debug|x86
		Release|x64 = Release|x64
		Release|x86 = Release|x86
	EndGlobalSection
	GlobalSection(ProjectConfigurationPlatforms) = postSolution
		{49CCCC3C-9D8E-43E9-BF8C-18E96947AF09}.Debug|x64.ActiveCfg = Debug|x64
		{49CCCC3C-9D8E-43E9-BF8C-18E96947AF09}.Debug|x64.Build.0 = Debug|x64
		{49CCCC3C-9D8E-43E9-BF8C-18E96947AF09}.Debug|x86.ActiveCfg = Debug|Win32
		{49CCCC3C-9D8E-43E9-BF8C-18E96947AF09}.Debug|x86.Build.0 = Debug|Win32
		{49CCCC3C-9D8E-43E9-BF8C-18E96947AF09}.Release|x64.ActiveCfg = Release|x64
		{49CCCC3C-9D8E-43E9-BF8C-18E96947AF09}.Release|x64.Build.0 = Release|x64
		{49CCCC3C-9D8E-43E9-BF8C-18E96947AF09}.Release|x86.ActiveCfg = Release|Win32
		{49CCCC3C-9D8E-43E9-BF8C-18E96947AF09}.Release|x86.Build.0 = Release|Win32
	EndGlobalSection
	GlobalSection(SolutionProperties) = preSolution
		HideSolutionNode = FALSE
	EndGlobalSection
	GlobalSection(ExtensibilityGlobals) = postSolution
		SolutionGuid = {C5959B52-60B9-4315-8C96-A646AA28A57C}
	EndGlobalSection
EndGlobal
