
Microsoft Visual Studio Solution File, Format Version 12.00
# Visual Studio Version 17
VisualStudioVersion = 17.8.34004.107
MinimumVisualStudioVersion = 10.0.40219.1
Project("{8BC9CEB8-8B4A-11D0-8D11-00A0C91BC942}") = "lab07 (asd)", "lab07 (asd)\lab07 (asd).vcxproj", "{C757C238-BAA7-44D0-B578-CABE785CBAC6}"
EndProject
Global
	GlobalSection(SolutionConfigurationPlatforms) = preSolution
		Debug|x64 = Debug|x64
		Debug|x86 = Debug|x86
		Release|x64 = Release|x64
		Release|x86 = Release|x86
	EndGlobalSection
	GlobalSection(ProjectConfigurationPlatforms) = postSolution
		{C757C238-BAA7-44D0-B578-CABE785CBAC6}.Debug|x64.ActiveCfg = Debug|x64
		{C757C238-BAA7-44D0-B578-CABE785CBAC6}.Debug|x64.Build.0 = Debug|x64
		{C757C238-BAA7-44D0-B578-CABE785CBAC6}.Debug|x86.ActiveCfg = Debug|Win32
		{C757C238-BAA7-44D0-B578-CABE785CBAC6}.Debug|x86.Build.0 = Debug|Win32
		{C757C238-BAA7-44D0-B578-CABE785CBAC6}.Release|x64.ActiveCfg = Release|x64
		{C757C238-BAA7-44D0-B578-CABE785CBAC6}.Release|x64.Build.0 = Release|x64
		{C757C238-BAA7-44D0-B578-CABE785CBAC6}.Release|x86.ActiveCfg = Release|Win32
		{C757C238-BAA7-44D0-B578-CABE785CBAC6}.Release|x86.Build.0 = Release|Win32
	EndGlobalSection
	GlobalSection(SolutionProperties) = preSolution
		HideSolutionNode = FALSE
	EndGlobalSection
	GlobalSection(ExtensibilityGlobals) = postSolution
		SolutionGuid = {2164CDF9-1DE1-466F-AEC9-187B5822C62C}
	EndGlobalSection
EndGlobal
